lockfileVersion: '9.0'

settings:
  autoInstallPeers: true
  excludeLinksFromLockfile: false

importers:

  .:
    devDependencies:
      prettier:
        specifier: ^3.0.0
        version: 3.8.1
      turbo:
        specifier: ^1.10.16
        version: 1.13.4

  packages/adapter/biscuit:
    dependencies:
      tslib:
        specifier: ^2.6.0
        version: 2.8.1
    devDependencies:
      '@lavaclient/config-prettier':
        specifier: workspace:^
        version: link:../../config/prettier
      '@lavaclient/config-typescript':
        specifier: workspace:^
        version: link:../../config/typescript
      '@types/node':
        specifier: ^20.3.3
        version: 20.19.35
      '@types/ws':
        specifier: ^8.5.5
        version: 8.18.1
      typed-emitter:
        specifier: ^2.1.0
        version: 2.1.0
      typescript:
        specifier: ^5.1.6
        version: 5.9.3

  packages/adapter/djs:
    dependencies:
      tslib:
        specifier: ^2.6.0
        version: 2.8.1
    devDependencies:
      '@lavaclient/config-prettier':
        specifier: workspace:^
        version: link:../../config/prettier
      '@lavaclient/config-typescript':
        specifier: workspace:^
        version: link:../../config/typescript
      '@types/node':
        specifier: ^20.3.3
        version: 20.19.35
      '@types/ws':
        specifier: ^8.5.5
        version: 8.18.1
      typed-emitter:
        specifier: ^2.1.0
        version: 2.1.0
      typescript:
        specifier: ^5.1.6
        version: 5.9.3

  packages/client/api:
    dependencies:
      lavalink-protocol:
        specifier: workspace:1.1.0
        version: link:../../protocol
      tslib:
        specifier: ^2.6.0
        version: 2.8.1
    devDependencies:
      '@lavaclient/config-prettier':
        specifier: workspace:^
        version: link:../../config/prettier
      '@lavaclient/config-typescript':
        specifier: workspace:^
        version: link:../../config/typescript
      '@types/node':
        specifier: ^20.3.3
        version: 20.19.35
      typed-emitter:
        specifier: ^2.1.0
        version: 2.1.0
      typescript:
        specifier: ^5.1.6
        version: 5.9.3

  packages/client/ws:
    dependencies:
      lavalink-api-client:
        specifier: workspace:1.1.0
        version: link:../api
      lavalink-protocol:
        specifier: workspace:1.1.0
        version: link:../../protocol
      tslib:
        specifier: ^2.6.0
        version: 2.8.1
      typed-emitter:
        specifier: ^2.1.0
        version: 2.1.0
      ws:
        specifier: ^8.17.1
        version: 8.19.0
    devDependencies:
      '@lavaclient/config-prettier':
        specifier: workspace:^
        version: link:../../config/prettier
      '@lavaclient/config-typescript':
        specifier: workspace:^
        version: link:../../config/typescript
      '@types/node':
        specifier: ^20.3.3
        version: 20.19.35
      '@types/ws':
        specifier: ^8.5.5
        version: 8.18.1
      typescript:
        specifier: ^5.1.6
        version: 5.9.3

  packages/config/prettier:
    devDependencies:
      prettier:
        specifier: ^2.8.8
        version: 2.8.8

  packages/config/typescript:
    devDependencies:
      '@types/node':
        specifier: ^20.3.3
        version: 20.19.35
      typescript:
        specifier: ^5.1.6
        version: 5.9.3

  packages/node:
    dependencies:
      '@effect/schema':
        specifier: ^0.49.4
        version: 0.49.4(effect@2.0.0-next.56)(fast-check@3.23.2)
      lavalink-api-client:
        specifier: workspace:1.1.0
        version: link:../client/api
      lavalink-protocol:
        specifier: workspace:1.1.0
        version: link:../protocol
      lavalink-ws-client:
        specifier: workspace:1.1.0
        version: link:../client/ws
      tiny-typed-emitter:
        specifier: ^2.1.0
        version: 2.1.0
      tslib:
        specifier: ^2.6.0
        version: 2.8.1
    devDependencies:
      '@lavaclient/config-prettier':
        specifier: workspace:^
        version: link:../config/prettier
      '@lavaclient/config-typescript':
        specifier: workspace:^
        version: link:../config/typescript
      '@types/node':
        specifier: ^20.3.3
        version: 20.19.35
      '@types/ws':
        specifier: ^8.5.5
        version: 8.18.1
      ts-essentials:
        specifier: ^9.3.2
        version: 9.4.2(typescript@5.9.3)
      typescript:
        specifier: ^5.1.6
        version: 5.9.3

  packages/plugin/effects:
    dependencies:
      lavaclient:
        specifier: workspace:5.0.0
        version: link:../../node
      lavalink-protocol:
        specifier: workspace:1.1.0
        version: link:../../protocol
      tslib:
        specifier: ^2.6.0
        version: 2.8.1
    devDependencies:
      '@lavaclient/config-prettier':
        specifier: workspace:^
        version: link:../../config/prettier
      '@lavaclient/config-typescript':
        specifier: workspace:^
        version: link:../../config/typescript
      '@types/node':
        specifier: ^20.3.3
        version: 20.19.35
      '@types/ws':
        specifier: ^8.5.5
        version: 8.18.1
      ts-essentials:
        specifier: ^9.3.2
        version: 9.4.2(typescript@5.9.3)
      typescript:
        specifier: ^5.1.6
        version: 5.9.3

  packages/plugin/lavasearch:
    dependencies:
      '@effect/schema':
        specifier: ^0.49.4
        version: 0.49.4(effect@2.0.0-next.56)(fast-check@3.23.2)
      lavalink-api-client:
        specifier: workspace:1.0.1
        version: link:../../client/api
      lavalink-protocol:
        specifier: workspace:1.1.0
        version: link:../../protocol
      tslib:
        specifier: ^2.6.0
        version: 2.8.1
    devDependencies:
      '@lavaclient/config-prettier':
        specifier: workspace:^
        version: link:../../config/prettier
      '@lavaclient/config-typescript':
        specifier: workspace:^
        version: link:../../config/typescript
      '@types/node':
        specifier: ^20.3.3
        version: 20.19.35
      '@types/ws':
        specifier: ^8.5.5
        version: 8.18.1
      typed-emitter:
        specifier: ^2.1.0
        version: 2.1.0
      typescript:
        specifier: ^5.1.6
        version: 5.9.3

  packages/plugin/queue:
    dependencies:
      lavaclient:
        specifier: workspace:5.0.0
        version: link:../../node
      lavalink-protocol:
        specifier: workspace:1.1.0
        version: link:../../protocol
      tiny-typed-emitter:
        specifier: ^2.1.0
        version: 2.1.0
      tslib:
        specifier: ^2.6.0
        version: 2.8.1
    devDependencies:
      '@lavaclient/config-prettier':
        specifier: workspace:^
        version: link:../../config/prettier
      '@lavaclient/config-typescript':
        specifier: workspace:^
        version: link:../../config/typescript
      '@types/node':
        specifier: ^20.3.3
        version: 20.19.35
      '@types/ws':
        specifier: ^8.5.5
        version: 8.18.1
      typescript:
        specifier: ^5.1.6
        version: 5.9.3

  packages/protocol:
    dependencies:
      '@effect/data':
        specifier: 0.17.6
        version: 0.17.6
      '@effect/schema':
        specifier: ^0.49.4
        version: 0.49.4(effect@2.0.0-next.56)(fast-check@3.23.2)
      tslib:
        specifier: ^2.6.0
        version: 2.8.1
    devDependencies:
      '@lavaclient/config-prettier':
        specifier: workspace:^
        version: link:../config/prettier
      '@lavaclient/config-typescript':
        specifier: workspace:^
        version: link:../config/typescript
      '@types/node':
        specifier: ^20.3.3
        version: 20.19.35
      typescript:
        specifier: ^5.1.6
        version: 5.9.3

  packages/test:
    dependencies:
      '@lavaclient/plugin-effects':
        specifier: workspace:1.0.1
        version: link:../plugin/effects
      '@lavaclient/plugin-lavasearch':
        specifier: workspace:1.0.3
        version: link:../plugin/lavasearch
      '@lavaclient/plugin-queue':
        specifier: workspace:0.0.2
        version: link:../plugin/queue
      lavaclient:
        specifier: workspace:5.0.0
        version: link:../node
      tslib:
        specifier: ^2.6.0
        version: 2.8.1
    devDependencies:
      '@lavaclient/config-prettier':
        specifier: workspace:^
        version: link:../config/prettier
      '@lavaclient/config-typescript':
        specifier: workspace:^
        version: link:../config/typescript
      '@types/node':
        specifier: ^20.3.3
        version: 20.19.35
      '@types/ws':
        specifier: ^8.5.5
        version: 8.18.1
      discord.js:
        specifier: ^14.13.0
        version: 14.25.1
      ts-essentials:
        specifier: ^9.3.2
        version: 9.4.2(typescript@5.9.3)
      typed-emitter:
        specifier: ^2.1.0
        version: 2.1.0
      typescript:
        specifier: ^5.1.6
        version: 5.9.3

packages:

  '@discordjs/builders@1.13.1':
    resolution: {integrity: sha512-cOU0UDHc3lp/5nKByDxkmRiNZBpdp0kx55aarbiAfakfKJHlxv/yFW1zmIqCAmwH5CRlrH9iMFKJMpvW4DPB+w==}
    engines: {node: '>=16.11.0'}

  '@discordjs/collection@1.5.3':
    resolution: {integrity: sha512-SVb428OMd3WO1paV3rm6tSjM4wC+Kecaa1EUGX7vc6/fddvw/6lg90z4QtCqm21zvVe92vMMDt9+DkIvjXImQQ==}
    engines: {node: '>=16.11.0'}

  '@discordjs/collection@2.1.1':
    resolution: {integrity: sha512-LiSusze9Tc7qF03sLCujF5iZp7K+vRNEDBZ86FT9aQAv3vxMLihUvKvpsCWiQ2DJq1tVckopKm1rxomgNUc9hg==}
    engines: {node: '>=18'}

  '@discordjs/formatters@0.6.2':
    resolution: {integrity: sha512-y4UPwWhH6vChKRkGdMB4odasUbHOUwy7KL+OVwF86PvT6QVOwElx+TiI1/6kcmcEe+g5YRXJFiXSXUdabqZOvQ==}
    engines: {node: '>=16.11.0'}

  '@discordjs/rest@2.6.0':
    resolution: {integrity: sha512-RDYrhmpB7mTvmCKcpj+pc5k7POKszS4E2O9TYc+U+Y4iaCP+r910QdO43qmpOja8LRr1RJ0b3U+CqVsnPqzf4w==}
    engines: {node: '>=18'}

  '@discordjs/util@1.2.0':
    resolution: {integrity: sha512-3LKP7F2+atl9vJFhaBjn4nOaSWahZ/yWjOvA4e5pnXkt2qyXRCHLxoBQy81GFtLGCq7K9lPm9R517M1U+/90Qg==}
    engines: {node: '>=18'}

  '@discordjs/ws@1.2.3':
    resolution: {integrity: sha512-wPlQDxEmlDg5IxhJPuxXr3Vy9AjYq5xCvFWGJyD7w7Np8ZGu+Mc+97LCoEc/+AYCo2IDpKioiH0/c/mj5ZR9Uw==}
    engines: {node: '>=16.11.0'}

  '@effect/data@0.17.6':
    resolution: {integrity: sha512-/vwz7Jh05eS0qY8kczR/YyJd18d0C+PMtUkAealh4f6gwvhABLGCnktNJTcq/+UHxY0Cbv18r5uaJ4+7PPC+WQ==}
    deprecated: this package has been merged into the main effect package

  '@effect/schema@0.49.4':
    resolution: {integrity: sha512-Em5qFV7kXfHpt6n89B2Zwd0ccGgfFpZbBAfQuGPdw/zY18k01Tl3ufKfBA6fFphKQiWrU6JS9btTlq1+/WRRIg==}
    deprecated: this package has been merged into the main effect package
    peerDependencies:
      effect: 2.0.0-next.56
      fast-check: ^3.13.2

  '@sapphire/async-queue@1.5.5':
    resolution: {integrity: sha512-cvGzxbba6sav2zZkH8GPf2oGk9yYoD5qrNWdu9fRehifgnFZJMV+nuy2nON2roRO4yQQ+v7MK/Pktl/HgfsUXg==}
    engines: {node: '>=v14.0.0', npm: '>=7.0.0'}

  '@sapphire/shapeshift@4.0.0':
    resolution: {integrity: sha512-d9dUmWVA7MMiKobL3VpLF8P2aeanRTu6ypG2OIaEv/ZHH/SUQ2iHOVyi5wAPjQ+HmnMuL0whK9ez8I/raWbtIg==}
    engines: {node: '>=v16'}

  '@sapphire/snowflake@3.5.3':
    resolution: {integrity: sha512-jjmJywLAFoWeBi1W7994zZyiNWPIiqRRNAmSERxyg93xRGzNYvGjlZ0gR6x0F4gPRi2+0O6S71kOZYyr3cxaIQ==}
    engines: {node: '>=v14.0.0', npm: '>=7.0.0'}

  '@types/node@20.19.35':
    resolution: {integrity: sha512-Uarfe6J91b9HAUXxjvSOdiO2UPOKLm07Q1oh0JHxoZ1y8HoqxDAu3gVrsrOHeiio0kSsoVBt4wFrKOm0dKxVPQ==}

  '@types/ws@8.18.1':
    resolution: {integrity: sha512-ThVF6DCVhA8kUGy+aazFQ4kXQ7E1Ty7A3ypFOe0IcJV8O/M511G99AW24irKrW56Wt44yG9+ij8FaqoBGkuBXg==}

  '@vladfrangu/async_event_emitter@2.4.7':
    resolution: {integrity: sha512-Xfe6rpCTxSxfbswi/W/Pz7zp1WWSNn4A0eW4mLkQUewCrXXtMj31lCg+iQyTkh/CkusZSq9eDflu7tjEDXUY6g==}
    engines: {node: '>=v14.0.0', npm: '>=7.0.0'}

  discord-api-types@0.38.40:
    resolution: {integrity: sha512-P/His8cotqZgQqrt+hzrocp9L8RhQQz1GkrCnC9TMJ8Uw2q0tg8YyqJyGULxhXn/8kxHETN4IppmOv+P2m82lQ==}

  discord.js@14.25.1:
    resolution: {integrity: sha512-2l0gsPOLPs5t6GFZfQZKnL1OJNYFcuC/ETWsW4VtKVD/tg4ICa9x+jb9bkPffkMdRpRpuUaO/fKkHCBeiCKh8g==}
    engines: {node: '>=18'}

  effect@2.0.0-next.56:
    resolution: {integrity: sha512-Z6L9rf78OveZorl4pC82hUM/kNhQ8epChuCBVNIjVsookbb6iqTuP9goi3qi6CR7xUZE+HnOKF2bzMIdOOP+Vw==}

  fast-check@3.23.2:
    resolution: {integrity: sha512-h5+1OzzfCC3Ef7VbtKdcv7zsstUQwUDlYpUTvjeUsJAssPgLn7QzbboPtL5ro04Mq0rPOsMzl7q5hIbRs2wD1A==}
    engines: {node: '>=8.0.0'}

  fast-deep-equal@3.1.3:
    resolution: {integrity: sha512-f3qQ9oQy9j2AhBe/H9VC91wLmKBCCU/gDOnKNAYG5hswO7BLKj09Hc5HYNz9cGI++xlpDCIgDaitVs03ATR84Q==}

  lodash.snakecase@4.1.1:
    resolution: {integrity: sha512-QZ1d4xoBHYUeuouhEq3lk3Uq7ldgyFXGBhg04+oRLnIz8o9T65Eh+8YdroUwn846zchkA9yDsDl5CVVaV2nqYw==}

  lodash@4.17.23:
    resolution: {integrity: sha512-LgVTMpQtIopCi79SJeDiP0TfWi5CNEc/L/aRdTh3yIvmZXTnheWpKjSZhnvMl8iXbC1tFg9gdHHDMLoV7CnG+w==}

  magic-bytes.js@1.13.0:
    resolution: {integrity: sha512-afO2mnxW7GDTXMm5/AoN1WuOcdoKhtgXjIvHmobqTD1grNplhGdv3PFOyjCVmrnOZBIT/gD/koDKpYG+0mvHcg==}

  prettier@2.8.8:
    resolution: {integrity: sha512-tdN8qQGvNjw4CHbY+XXk0JgCXn9QiF21a55rBe5LJAU+kDyC4WQn4+awm2Xfk2lQMk5fKup9XgzTZtGkjBdP9Q==}
    engines: {node: '>=10.13.0'}
    hasBin: true

  prettier@3.8.1:
    resolution: {integrity: sha512-UOnG6LftzbdaHZcKoPFtOcCKztrQ57WkHDeRD9t/PTQtmT0NHSeWWepj6pS0z/N7+08BHFDQVUrfmfMRcZwbMg==}
    engines: {node: '>=14'}
    hasBin: true

  pure-rand@6.1.0:
    resolution: {integrity: sha512-bVWawvoZoBYpp6yIoQtQXHZjmz35RSVHnUOTefl8Vcjr8snTPY1wnpSPMWekcFwbxI6gtmT7rSYPFvz71ldiOA==}

  rxjs@7.8.2:
    resolution: {integrity: sha512-dhKf903U/PQZY6boNNtAGdWbG85WAbjT/1xYoZIC7FAY0yWapOBQVsVrDl58W86//e1VpMNBtRV4MaXfdMySFA==}

  tiny-typed-emitter@2.1.0:
    resolution: {integrity: sha512-qVtvMxeXbVej0cQWKqVSSAHmKZEHAvxdF8HEUBFWts8h+xEo5m/lEiPakuyZ3BnCBjOD8i24kzNOiOLLgsSxhA==}

  ts-essentials@9.4.2:
    resolution: {integrity: sha512-mB/cDhOvD7pg3YCLk2rOtejHjjdSi9in/IBYE13S+8WA5FBSraYf4V/ws55uvs0IvQ/l0wBOlXy5yBNZ9Bl8ZQ==}
    peerDependencies:
      typescript: '>=4.1.0'
    peerDependenciesMeta:
      typescript:
        optional: true

  ts-mixer@6.0.4:
    resolution: {integrity: sha512-ufKpbmrugz5Aou4wcr5Wc1UUFWOLhq+Fm6qa6P0w0K5Qw2yhaUoiWszhCVuNQyNwrlGiscHOmqYoAox1PtvgjA==}

  tslib@2.8.1:
    resolution: {integrity: sha512-oJFu94HQb+KVduSUQL7wnpmqnfmLsOA/nAh6b6EH0wCEoK0/mPeXU6c3wKDV83MkOuHPRHtSXKKU99IBazS/2w==}

  turbo-darwin-64@1.13.4:
    resolution: {integrity: sha512-A0eKd73R7CGnRinTiS7txkMElg+R5rKFp9HV7baDiEL4xTG1FIg/56Vm7A5RVgg8UNgG2qNnrfatJtb+dRmNdw==}
    cpu: [x64]
    os: [darwin]

  turbo-darwin-arm64@1.13.4:
    resolution: {integrity: sha512-eG769Q0NF6/Vyjsr3mKCnkG/eW6dKMBZk6dxWOdrHfrg6QgfkBUk0WUUujzdtVPiUIvsh4l46vQrNVd9EOtbyA==}
    cpu: [arm64]
    os: [darwin]

  turbo-linux-64@1.13.4:
    resolution: {integrity: sha512-Bq0JphDeNw3XEi+Xb/e4xoKhs1DHN7OoLVUbTIQz+gazYjigVZvtwCvgrZI7eW9Xo1eOXM2zw2u1DGLLUfmGkQ==}
    cpu: [x64]
    os: [linux]

  turbo-linux-arm64@1.13.4:
    resolution: {integrity: sha512-BJcXw1DDiHO/okYbaNdcWN6szjXyHWx9d460v6fCHY65G8CyqGU3y2uUTPK89o8lq/b2C8NK0yZD+Vp0f9VoIg==}
    cpu: [arm64]
    os: [linux]

  turbo-windows-64@1.13.4:
    resolution: {integrity: sha512-OFFhXHOFLN7A78vD/dlVuuSSVEB3s9ZBj18Tm1hk3aW1HTWTuAw0ReN6ZNlVObZUHvGy8d57OAGGxf2bT3etQw==}
    cpu: [x64]
    os: [win32]

  turbo-windows-arm64@1.13.4:
    resolution: {integrity: sha512-u5A+VOKHswJJmJ8o8rcilBfU5U3Y1TTAfP9wX8bFh8teYF1ghP0EhtMRLjhtp6RPa+XCxHHVA2CiC3gbh5eg5g==}
    cpu: [arm64]
    os: [win32]

  turbo@1.13.4:
    resolution: {integrity: sha512-1q7+9UJABuBAHrcC4Sxp5lOqYS5mvxRrwa33wpIyM18hlOCpRD/fTJNxZ0vhbMcJmz15o9kkVm743mPn7p6jpQ==}
    hasBin: true

  typed-emitter@2.1.0:
    resolution: {integrity: sha512-g/KzbYKbH5C2vPkaXGu8DJlHrGKHLsM25Zg9WuC9pMGfuvT+X25tZQWo5fK1BjBm8+UrVE9LDCvaY0CQk+fXDA==}

  typescript@5.9.3:
    resolution: {integrity: sha512-jl1vZzPDinLr9eUt3J/t7V6FgNEw9QjvBPdysz9KfQDD41fQrC2Y4vKQdiaUpFT4bXlb1RHhLpp8wtm6M5TgSw==}
    engines: {node: '>=14.17'}
    hasBin: true

  undici-types@6.21.0:
    resolution: {integrity: sha512-iwDZqg0QAGrg9Rav5H4n0M64c3mkR59cJ6wQp+7C4nI0gsmExaedaYLNO44eT4AtBBwjbTiGPMlt2Md0T9H9JQ==}

  undici@6.21.3:
    resolution: {integrity: sha512-gBLkYIlEnSp8pFbT64yFgGE6UIB9tAkhukC23PmMDCe5Nd+cRqKxSjw5y54MK2AZMgZfJWMaNE4nYUHgi1XEOw==}
    engines: {node: '>=18.17'}

  ws@8.19.0:
    resolution: {integrity: sha512-blAT2mjOEIi0ZzruJfIhb3nps74PRWTCz1IjglWEEpQl5XS/UNama6u2/rjFkDDouqr4L67ry+1aGIALViWjDg==}
    engines: {node: '>=10.0.0'}
    peerDependencies:
      bufferutil: ^4.0.1
      utf-8-validate: '>=5.0.2'
    peerDependenciesMeta:
      bufferutil:
        optional: true
      utf-8-validate:
        optional: true

snapshots:

  '@discordjs/builders@1.13.1':
    dependencies:
      '@discordjs/formatters': 0.6.2
      '@discordjs/util': 1.2.0
      '@sapphire/shapeshift': 4.0.0
      discord-api-types: 0.38.40
      fast-deep-equal: 3.1.3
      ts-mixer: 6.0.4
      tslib: 2.8.1

  '@discordjs/collection@1.5.3': {}

  '@discordjs/collection@2.1.1': {}

  '@discordjs/formatters@0.6.2':
    dependencies:
      discord-api-types: 0.38.40

  '@discordjs/rest@2.6.0':
    dependencies:
      '@discordjs/collection': 2.1.1
      '@discordjs/util': 1.2.0
      '@sapphire/async-queue': 1.5.5
      '@sapphire/snowflake': 3.5.3
      '@vladfrangu/async_event_emitter': 2.4.7
      discord-api-types: 0.38.40
      magic-bytes.js: 1.13.0
      tslib: 2.8.1
      undici: 6.21.3

  '@discordjs/util@1.2.0':
    dependencies:
      discord-api-types: 0.38.40

  '@discordjs/ws@1.2.3':
    dependencies:
      '@discordjs/collection': 2.1.1
      '@discordjs/rest': 2.6.0
      '@discordjs/util': 1.2.0
      '@sapphire/async-queue': 1.5.5
      '@types/ws': 8.18.1
      '@vladfrangu/async_event_emitter': 2.4.7
      discord-api-types: 0.38.40
      tslib: 2.8.1
      ws: 8.19.0
    transitivePeerDependencies:
      - bufferutil
      - utf-8-validate

  '@effect/data@0.17.6': {}

  '@effect/schema@0.49.4(effect@2.0.0-next.56)(fast-check@3.23.2)':
    dependencies:
      effect: 2.0.0-next.56
      fast-check: 3.23.2

  '@sapphire/async-queue@1.5.5': {}

  '@sapphire/shapeshift@4.0.0':
    dependencies:
      fast-deep-equal: 3.1.3
      lodash: 4.17.23

  '@sapphire/snowflake@3.5.3': {}

  '@types/node@20.19.35':
    dependencies:
      undici-types: 6.21.0

  '@types/ws@8.18.1':
    dependencies:
      '@types/node': 20.19.35

  '@vladfrangu/async_event_emitter@2.4.7': {}

  discord-api-types@0.38.40: {}

  discord.js@14.25.1:
    dependencies:
      '@discordjs/builders': 1.13.1
      '@discordjs/collection': 1.5.3
      '@discordjs/formatters': 0.6.2
      '@discordjs/rest': 2.6.0
      '@discordjs/util': 1.2.0
      '@discordjs/ws': 1.2.3
      '@sapphire/snowflake': 3.5.3
      discord-api-types: 0.38.40
      fast-deep-equal: 3.1.3
      lodash.snakecase: 4.1.1
      magic-bytes.js: 1.13.0
      tslib: 2.8.1
      undici: 6.21.3
    transitivePeerDependencies:
      - bufferutil
      - utf-8-validate

  effect@2.0.0-next.56: {}

  fast-check@3.23.2:
    dependencies:
      pure-rand: 6.1.0

  fast-deep-equal@3.1.3: {}

  lodash.snakecase@4.1.1: {}

  lodash@4.17.23: {}

  magic-bytes.js@1.13.0: {}

  prettier@2.8.8: {}

  prettier@3.8.1: {}

  pure-rand@6.1.0: {}

  rxjs@7.8.2:
    dependencies:
      tslib: 2.8.1
    optional: true

  tiny-typed-emitter@2.1.0: {}

  ts-essentials@9.4.2(typescript@5.9.3):
    optionalDependencies:
      typescript: 5.9.3

  ts-mixer@6.0.4: {}

  tslib@2.8.1: {}

  turbo-darwin-64@1.13.4:
    optional: true

  turbo-darwin-arm64@1.13.4:
    optional: true

  turbo-linux-64@1.13.4:
    optional: true

  turbo-linux-arm64@1.13.4:
    optional: true

  turbo-windows-64@1.13.4:
    optional: true

  turbo-windows-arm64@1.13.4:
    optional: true

  turbo@1.13.4:
    optionalDependencies:
      turbo-darwin-64: 1.13.4
      turbo-darwin-arm64: 1.13.4
      turbo-linux-64: 1.13.4
      turbo-linux-arm64: 1.13.4
      turbo-windows-64: 1.13.4
      turbo-windows-arm64: 1.13.4

  typed-emitter@2.1.0:
    optionalDependencies:
      rxjs: 7.8.2

  typescript@5.9.3: {}

  undici-types@6.21.0: {}

  undici@6.21.3: {}

  ws@8.19.0: {}
