lockfileVersion: '9.0'

settings:
  autoInstallPeers: true
  excludeLinksFromLockfile: false

importers:

  .:
    devDependencies:
      prettier:
        specifier: ^3.3.1
        version: 3.3.1
      turbo:
        specifier: ^2.0.3
        version: 2.0.3

  packages/adapter/biscuit:
    dependencies:
      tslib:
        specifier: ^2.6.3
        version: 2.6.3
    devDependencies:
      '@lavaclient/config-prettier':
        specifier: workspace:^
        version: link:../../config/prettier
      '@lavaclient/config-typescript':
        specifier: workspace:^
        version: link:../../config/typescript
      '@types/node':
        specifier: ^20.14.2
        version: 20.14.2
      '@types/ws':
        specifier: ^8.5.10
        version: 8.5.10
      typed-emitter:
        specifier: ^2.1.0
        version: 2.1.0
      typescript:
        specifier: ^5.4.5
        version: 5.4.5

  packages/adapter/djs:
    dependencies:
      tslib:
        specifier: ^2.6.3
        version: 2.6.3
    devDependencies:
      '@lavaclient/config-prettier':
        specifier: workspace:^
        version: link:../../config/prettier
      '@lavaclient/config-typescript':
        specifier: workspace:^
        version: link:../../config/typescript
      '@types/node':
        specifier: ^20.14.2
        version: 20.14.2
      '@types/ws':
        specifier: ^8.5.10
        version: 8.5.10
      typed-emitter:
        specifier: ^2.1.0
        version: 2.1.0
      typescript:
        specifier: ^5.4.5
        version: 5.4.5

  packages/client/api:
    dependencies:
      lavalink-protocol:
        specifier: 1.1.1
        version: 1.1.1
      tslib:
        specifier: ^2.6.3
        version: 2.6.3
    devDependencies:
      '@lavaclient/config-prettier':
        specifier: workspace:^
        version: link:../../config/prettier
      '@lavaclient/config-typescript':
        specifier: workspace:^
        version: link:../../config/typescript
      '@types/node':
        specifier: ^20.14.2
        version: 20.14.2
      typed-emitter:
        specifier: ^2.1.0
        version: 2.1.0
      typescript:
        specifier: ^5.4.5
        version: 5.4.5

  packages/client/ws:
    dependencies:
      lavalink-api-client:
        specifier: 1.0.2
        version: 1.0.2(lavalink-protocol@1.1.1)
      lavalink-protocol:
        specifier: 1.1.1
        version: 1.1.1
      tslib:
        specifier: ^2.6.3
        version: 2.6.3
      typed-emitter:
        specifier: ^2.1.0
        version: 2.1.0
      ws:
        specifier: ^8.17.0
        version: 8.17.0
    devDependencies:
      '@lavaclient/config-prettier':
        specifier: workspace:^
        version: link:../../config/prettier
      '@lavaclient/config-typescript':
        specifier: workspace:^
        version: link:../../config/typescript
      '@types/node':
        specifier: ^20.14.2
        version: 20.14.2
      '@types/ws':
        specifier: ^8.5.10
        version: 8.5.10
      typescript:
        specifier: ^5.4.5
        version: 5.4.5

  packages/config/prettier:
    devDependencies:
      prettier:
        specifier: ^2.8.8
        version: 2.8.8

  packages/config/typescript:
    devDependencies:
      '@types/node':
        specifier: ^20.3.3
        version: 20.3.3
      typescript:
        specifier: ^5.1.6
        version: 5.1.6

  packages/lavaclient:
    dependencies:
      '@effect/schema':
        specifier: ^0.67.21
        version: 0.67.21(effect@3.3.0)
      lavalink-api-client:
        specifier: 1.0.2
        version: 1.0.2(lavalink-protocol@1.1.1)
      lavalink-protocol:
        specifier: 1.1.1
        version: 1.1.1
      lavalink-ws-client:
        specifier: 1.0.2
        version: 1.0.2(lavalink-api-client@1.0.2(lavalink-protocol@1.1.1))(lavalink-protocol@1.1.1)
      tiny-typed-emitter:
        specifier: ^2.1.0
        version: 2.1.0
      tslib:
        specifier: ^2.6.3
        version: 2.6.3
    devDependencies:
      '@lavaclient/config-prettier':
        specifier: workspace:^
        version: link:../config/prettier
      '@lavaclient/config-typescript':
        specifier: workspace:^
        version: link:../config/typescript
      '@types/node':
        specifier: ^20.14.2
        version: 20.14.2
      '@types/ws':
        specifier: ^8.5.10
        version: 8.5.10
      ts-essentials:
        specifier: ^10.0.0
        version: 10.0.0(typescript@5.4.5)
      typescript:
        specifier: ^5.4.5
        version: 5.4.5

  packages/plugin/effects:
    dependencies:
      lavaclient:
        specifier: workspace:^
        version: link:../../lavaclient
      lavalink-protocol:
        specifier: 1.1.1
        version: 1.1.1
      tslib:
        specifier: ^2.6.3
        version: 2.6.3
    devDependencies:
      '@lavaclient/config-prettier':
        specifier: workspace:^
        version: link:../../config/prettier
      '@lavaclient/config-typescript':
        specifier: workspace:^
        version: link:../../config/typescript
      '@types/node':
        specifier: ^20.14.2
        version: 20.14.2
      '@types/ws':
        specifier: ^8.5.10
        version: 8.5.10
      ts-essentials:
        specifier: ^10.0.0
        version: 10.0.0(typescript@5.4.5)
      typescript:
        specifier: ^5.4.5
        version: 5.4.5

  packages/plugin/lavasearch:
    dependencies:
      '@effect/schema':
        specifier: ^0.67.21
        version: 0.67.21(effect@3.3.0)
      lavalink-api-client:
        specifier: 1.0.2
        version: 1.0.2(lavalink-protocol@1.1.1)
      lavalink-protocol:
        specifier: 1.1.1
        version: 1.1.1
      tslib:
        specifier: ^2.6.3
        version: 2.6.3
    devDependencies:
      '@lavaclient/config-prettier':
        specifier: workspace:^
        version: link:../../config/prettier
      '@lavaclient/config-typescript':
        specifier: workspace:^
        version: link:../../config/typescript
      '@types/node':
        specifier: ^20.14.2
        version: 20.14.2
      '@types/ws':
        specifier: ^8.5.10
        version: 8.5.10
      typed-emitter:
        specifier: ^2.1.0
        version: 2.1.0
      typescript:
        specifier: ^5.4.5
        version: 5.4.5

  packages/plugin/queue:
    dependencies:
      lavaclient:
        specifier: workspace:^
        version: link:../../lavaclient
      lavalink-protocol:
        specifier: 1.1.1
        version: 1.1.1
      tiny-typed-emitter:
        specifier: ^2.1.0
        version: 2.1.0
      tslib:
        specifier: ^2.6.3
        version: 2.6.3
    devDependencies:
      '@lavaclient/config-prettier':
        specifier: workspace:^
        version: link:../../config/prettier
      '@lavaclient/config-typescript':
        specifier: workspace:^
        version: link:../../config/typescript
      '@types/node':
        specifier: ^20.14.2
        version: 20.14.2
      '@types/ws':
        specifier: ^8.5.10
        version: 8.5.10
      typescript:
        specifier: ^5.4.5
        version: 5.4.5

  packages/protocol:
    dependencies:
      '@effect/schema':
        specifier: ^0.67.21
        version: 0.67.21(effect@3.3.0)
      effect:
        specifier: ^3.3.0
        version: 3.3.0
      tslib:
        specifier: ^2.6.3
        version: 2.6.3
    devDependencies:
      '@lavaclient/config-prettier':
        specifier: workspace:^
        version: link:../config/prettier
      '@lavaclient/config-typescript':
        specifier: workspace:^
        version: link:../config/typescript
      '@types/node':
        specifier: ^20.14.2
        version: 20.14.2
      typescript:
        specifier: ^5.4.5
        version: 5.4.5

  packages/test:
    dependencies:
      '@lavaclient/plugin-effects':
        specifier: workspace:1.0.0-rc.2
        version: link:../plugin/effects
      '@lavaclient/plugin-lavasearch':
        specifier: workspace:1.0.2
        version: link:../plugin/lavasearch
      '@lavaclient/plugin-queue':
        specifier: workspace:0.0.1
        version: link:../plugin/queue
      lavaclient:
        specifier: workspace:^
        version: link:../lavaclient
      tslib:
        specifier: ^2.6.0
        version: 2.6.0
    devDependencies:
      '@lavaclient/config-prettier':
        specifier: workspace:^
        version: link:../config/prettier
      '@lavaclient/config-typescript':
        specifier: workspace:^
        version: link:../config/typescript
      '@types/node':
        specifier: ^20.3.3
        version: 20.3.3
      '@types/ws':
        specifier: ^8.5.5
        version: 8.5.5
      discord.js:
        specifier: ^14.13.0
        version: 14.13.0
      ts-essentials:
        specifier: ^9.3.2
        version: 9.3.2(typescript@5.1.6)
      typed-emitter:
        specifier: ^2.1.0
        version: 2.1.0
      typescript:
        specifier: ^5.1.6
        version: 5.1.6

packages:

  '@discordjs/builders@1.6.5':
    resolution: {integrity: sha512-SdweyCs/+mHj+PNhGLLle7RrRFX9ZAhzynHahMCLqp5Zeq7np7XC6/mgzHc79QoVlQ1zZtOkTTiJpOZu5V8Ufg==}
    engines: {node: '>=16.11.0'}

  '@discordjs/collection@1.5.3':
    resolution: {integrity: sha512-SVb428OMd3WO1paV3rm6tSjM4wC+Kecaa1EUGX7vc6/fddvw/6lg90z4QtCqm21zvVe92vMMDt9+DkIvjXImQQ==}
    engines: {node: '>=16.11.0'}

  '@discordjs/formatters@0.3.2':
    resolution: {integrity: sha512-lE++JZK8LSSDRM5nLjhuvWhGuKiXqu+JZ/DsOR89DVVia3z9fdCJVcHF2W/1Zxgq0re7kCzmAJlCMMX3tetKpA==}
    engines: {node: '>=16.11.0'}

  '@discordjs/rest@2.0.1':
    resolution: {integrity: sha512-/eWAdDRvwX/rIE2tuQUmKaxmWeHmGealttIzGzlYfI4+a7y9b6ZoMp8BG/jaohs8D8iEnCNYaZiOFLVFLQb8Zg==}
    engines: {node: '>=16.11.0'}

  '@discordjs/util@1.0.1':
    resolution: {integrity: sha512-d0N2yCxB8r4bn00/hvFZwM7goDcUhtViC5un4hPj73Ba4yrChLSJD8fy7Ps5jpTLg1fE9n4K0xBLc1y9WGwSsA==}
    engines: {node: '>=16.11.0'}

  '@discordjs/ws@1.0.1':
    resolution: {integrity: sha512-avvAolBqN3yrSvdBPcJ/0j2g42ABzrv3PEL76e3YTp2WYMGH7cuspkjfSyNWaqYl1J+669dlLp+YFMxSVQyS5g==}
    engines: {node: '>=16.11.0'}

  '@effect/schema@0.67.21':
    resolution: {integrity: sha512-BO8u2sDI/AKrGz9Ew84M1J5yBpcmDgpj31ZeSMbisKLSMn1Lv6i2E12K4BACXktjqP1FAxYAG011KEPJ3nPlHQ==}
    peerDependencies:
      effect: ^3.3.0

  '@sapphire/async-queue@1.5.0':
    resolution: {integrity: sha512-JkLdIsP8fPAdh9ZZjrbHWR/+mZj0wvKS5ICibcLrRI1j84UmLMshx5n9QmL8b95d4onJ2xxiyugTgSAX7AalmA==}
    engines: {node: '>=v14.0.0', npm: '>=7.0.0'}

  '@sapphire/shapeshift@3.9.2':
    resolution: {integrity: sha512-YRbCXWy969oGIdqR/wha62eX8GNHsvyYi0Rfd4rNW6tSVVa8p0ELiMEuOH/k8rgtvRoM+EMV7Csqz77YdwiDpA==}
    engines: {node: '>=v14.0.0', npm: '>=7.0.0'}

  '@sapphire/snowflake@3.5.1':
    resolution: {integrity: sha512-BxcYGzgEsdlG0dKAyOm0ehLGm2CafIrfQTZGWgkfKYbj+pNNsorZ7EotuZukc2MT70E0UbppVbtpBrqpzVzjNA==}
    engines: {node: '>=v14.0.0', npm: '>=7.0.0'}

  '@types/node@20.14.2':
    resolution: {integrity: sha512-xyu6WAMVwv6AKFLB+e/7ySZVr/0zLCzOa7rSpq6jNwpqOrUbcACDWC+53d4n2QHOnDou0fbIsg8wZu/sxrnI4Q==}

  '@types/node@20.3.3':
    resolution: {integrity: sha512-wheIYdr4NYML61AjC8MKj/2jrR/kDQri/CIpVoZwldwhnIrD/j9jIU5bJ8yBKuB2VhpFV7Ab6G2XkBjv9r9Zzw==}

  '@types/ws@8.5.10':
    resolution: {integrity: sha512-vmQSUcfalpIq0R9q7uTo2lXs6eGIpt9wtnLdMv9LVpIjCA/+ufZRozlVoVelIYixx1ugCBKDhn89vnsEGOCx9A==}

  '@types/ws@8.5.5':
    resolution: {integrity: sha512-lwhs8hktwxSjf9UaZ9tG5M03PGogvFaH8gUgLNbN9HKIg0dvv6q+gkSuJ8HN4/VbyxkuLzCjlN7GquQ0gUJfIg==}

  '@vladfrangu/async_event_emitter@2.2.2':
    resolution: {integrity: sha512-HIzRG7sy88UZjBJamssEczH5q7t5+axva19UbZLO6u0ySbYPrwzWiXBcC0WuHyhKKoeCyneH+FvYzKQq/zTtkQ==}
    engines: {node: '>=v14.0.0', npm: '>=7.0.0'}

  busboy@1.6.0:
    resolution: {integrity: sha512-8SFQbg/0hQ9xy3UNTB0YEnsNBbWfhf7RtnzpL7TkBiTBRfrQ9Fxcnz7VJsleJpyp6rVLvXiuORqjlHi5q+PYuA==}
    engines: {node: '>=10.16.0'}

  discord-api-types@0.37.50:
    resolution: {integrity: sha512-X4CDiMnDbA3s3RaUXWXmgAIbY1uxab3fqe3qwzg5XutR3wjqi7M3IkgQbsIBzpqBN2YWr/Qdv7JrFRqSgb4TFg==}

  discord.js@14.13.0:
    resolution: {integrity: sha512-Kufdvg7fpyTEwANGy9x7i4od4yu5c6gVddGi5CKm4Y5a6sF0VBODObI3o0Bh7TGCj0LfNT8Qp8z04wnLFzgnbA==}
    engines: {node: '>=16.11.0'}

  effect@3.3.0:
    resolution: {integrity: sha512-EH1tbk+H5uMTU38uqAXVy0+2g5QqTY68C3Imo5WSWIcyjCiPS96nBh9Ms2kjKn/i14Rn1dBNoHfsR6Nfne4L3w==}

  fast-check@3.19.0:
    resolution: {integrity: sha512-CO2JX/8/PT9bDGO1iXa5h5ey1skaKI1dvecERyhH4pp3PGjwd3KIjMAXEg79Ps9nclsdt4oPbfqiAnLU0EwrAQ==}
    engines: {node: '>=8.0.0'}

  fast-deep-equal@3.1.3:
    resolution: {integrity: sha512-f3qQ9oQy9j2AhBe/H9VC91wLmKBCCU/gDOnKNAYG5hswO7BLKj09Hc5HYNz9cGI++xlpDCIgDaitVs03ATR84Q==}

  lavalink-api-client@1.0.2:
    resolution: {integrity: sha512-lYljdof2OqW+NbI1yeu+XdAMpjfkEhVCZkmQBIV/6nMAQZakqFwKUvRFYPxx1XsbjOkGSlkfBYy1Bq8p0v8R7w==}
    engines: {node: '>=20'}
    peerDependencies:
      lavalink-protocol: 1.1.1

  lavalink-protocol@1.1.1:
    resolution: {integrity: sha512-tYWcYmhrPrKP/3bzvNiTgx8Wdd3sO3QhG+sOJIE+yjI1H3CgjZX44QuR+r6jkoLqGvOo/FIuQfafPocXHOM7Gg==}
    engines: {node: '>=20'}

  lavalink-ws-client@1.0.2:
    resolution: {integrity: sha512-D6GDxASMlz6lEEARbXP6Kg5DfIV4apTSAfX7OBkkKw66qD+hoV2wmqDMQY+XKgaTv+igYKyL17snsDKg9ZVb+Q==}
    engines: {node: '>=20'}
    peerDependencies:
      lavalink-api-client: 1.0.2
      lavalink-protocol: 1.1.1

  lodash.snakecase@4.1.1:
    resolution: {integrity: sha512-QZ1d4xoBHYUeuouhEq3lk3Uq7ldgyFXGBhg04+oRLnIz8o9T65Eh+8YdroUwn846zchkA9yDsDl5CVVaV2nqYw==}

  lodash@4.17.21:
    resolution: {integrity: sha512-v2kDEe57lecTulaDIuNTPy3Ry4gLGJ6Z1O3vE1krgXZNrsQ+LFTGHVxVjcXPs17LhbZVGedAJv8XZ1tvj5FvSg==}

  magic-bytes.js@1.0.15:
    resolution: {integrity: sha512-bpRmwbRHqongRhA+mXzbLWjVy7ylqmfMBYaQkSs6pac0z6hBTvsgrH0r4FBYd/UYVJBmS6Rp/O+oCCQVLzKV1g==}

  prettier@2.8.8:
    resolution: {integrity: sha512-tdN8qQGvNjw4CHbY+XXk0JgCXn9QiF21a55rBe5LJAU+kDyC4WQn4+awm2Xfk2lQMk5fKup9XgzTZtGkjBdP9Q==}
    engines: {node: '>=10.13.0'}
    hasBin: true

  prettier@3.3.1:
    resolution: {integrity: sha512-7CAwy5dRsxs8PHXT3twixW9/OEll8MLE0VRPCJyl7CkS6VHGPSlsVaWTiASPTyGyYRyApxlaWTzwUxVNrhcwDg==}
    engines: {node: '>=14'}
    hasBin: true

  pure-rand@6.1.0:
    resolution: {integrity: sha512-bVWawvoZoBYpp6yIoQtQXHZjmz35RSVHnUOTefl8Vcjr8snTPY1wnpSPMWekcFwbxI6gtmT7rSYPFvz71ldiOA==}

  rxjs@7.8.1:
    resolution: {integrity: sha512-AA3TVj+0A2iuIoQkWEK/tqFjBq2j+6PO6Y0zJcvzLAFhEFIO3HL0vls9hWLncZbAAbK0mar7oZ4V079I/qPMxg==}

  streamsearch@1.1.0:
    resolution: {integrity: sha512-Mcc5wHehp9aXz1ax6bZUyY5afg9u2rv5cqQI3mRrYkGC8rW2hM02jWuwjtL++LS5qinSyhj2QfLyNsuc+VsExg==}
    engines: {node: '>=10.0.0'}

  tiny-typed-emitter@2.1.0:
    resolution: {integrity: sha512-qVtvMxeXbVej0cQWKqVSSAHmKZEHAvxdF8HEUBFWts8h+xEo5m/lEiPakuyZ3BnCBjOD8i24kzNOiOLLgsSxhA==}

  ts-essentials@10.0.0:
    resolution: {integrity: sha512-77FHNJEyysF9+1s4G6eejuA1lxw7uMchT3ZPy3CIbh7GIunffpshtM8pTe5G6N5dpOzNevqRHew859ceLWVBfw==}
    peerDependencies:
      typescript: '>=4.5.0'
    peerDependenciesMeta:
      typescript:
        optional: true

  ts-essentials@9.3.2:
    resolution: {integrity: sha512-JxKJzuWqH1MmH4ZFHtJzGEhkfN3QvVR3C3w+4BIoWeoY68UVVoA2Np/Bca9z0IPSErVCWhv439aT0We4Dks8kQ==}
    peerDependencies:
      typescript: '>=4.1.0'

  ts-mixer@6.0.3:
    resolution: {integrity: sha512-k43M7uCG1AkTyxgnmI5MPwKoUvS/bRvLvUb7+Pgpdlmok8AoqmUaZxUUw8zKM5B1lqZrt41GjYgnvAi0fppqgQ==}

  tslib@2.6.0:
    resolution: {integrity: sha512-7At1WUettjcSRHXCyYtTselblcHl9PJFFVKiCAy/bY97+BPZXSQ2wbq0P9s8tK2G7dFQfNnlJnPAiArVBVBsfA==}

  tslib@2.6.3:
    resolution: {integrity: sha512-xNvxJEOUiWPGhUuUdQgAJPKOOJfGnIyKySOc09XkKsgdUV/3E2zvwZYdejjmRgPCgcym1juLH3226yA7sEFJKQ==}

  turbo-darwin-64@2.0.3:
    resolution: {integrity: sha512-v7ztJ8sxdHw3SLfO2MhGFeeU4LQhFii1hIGs9uBiXns/0YTGOvxLeifnfGqhfSrAIIhrCoByXO7nR9wlm10n3Q==}
    cpu: [x64]
    os: [darwin]

  turbo-darwin-arm64@2.0.3:
    resolution: {integrity: sha512-LUcqvkV9Bxtng6QHbevp8IK8zzwbIxM6HMjCE7FEW6yJBN1KwvTtRtsGBwwmTxaaLO0wD1Jgl3vgkXAmQ4fqUw==}
    cpu: [arm64]
    os: [darwin]

  turbo-linux-64@2.0.3:
    resolution: {integrity: sha512-xpdY1suXoEbsQsu0kPep2zrB8ijv/S5aKKrntGuQ62hCiwDFoDcA/Z7FZ8IHQ2u+dpJARa7yfiByHmizFE0r5Q==}
    cpu: [x64]
    os: [linux]

  turbo-linux-arm64@2.0.3:
    resolution: {integrity: sha512-MBACTcSR874L1FtLL7gkgbI4yYJWBUCqeBN/iE29D+8EFe0d3fAyviFlbQP4K/HaDYet1i26xkkOiWr0z7/V9A==}
    cpu: [arm64]
    os: [linux]

  turbo-windows-64@2.0.3:
    resolution: {integrity: sha512-zi3YuKPkM9JxMTshZo3excPk37hUrj5WfnCqh4FjI26ux6j/LJK+Dh3SebMHd9mR7wP9CMam4GhmLCT+gDfM+w==}
    cpu: [x64]
    os: [win32]

  turbo-windows-arm64@2.0.3:
    resolution: {integrity: sha512-wmed4kkenLvRbidi7gISB4PU77ujBuZfgVGDZ4DXTFslE/kYpINulwzkVwJIvNXsJtHqyOq0n6jL8Zwl3BrwDg==}
    cpu: [arm64]
    os: [win32]

  turbo@2.0.3:
    resolution: {integrity: sha512-jF1K0tTUyryEWmgqk1V0ALbSz3VdeZ8FXUo6B64WsPksCMCE48N5jUezGOH2MN0+epdaRMH8/WcPU0QQaVfeLA==}
    hasBin: true

  typed-emitter@2.1.0:
    resolution: {integrity: sha512-g/KzbYKbH5C2vPkaXGu8DJlHrGKHLsM25Zg9WuC9pMGfuvT+X25tZQWo5fK1BjBm8+UrVE9LDCvaY0CQk+fXDA==}

  typescript@5.1.6:
    resolution: {integrity: sha512-zaWCozRZ6DLEWAWFrVDz1H6FVXzUSfTy5FUMWsQlU8Ym5JP9eO4xkTIROFCQvhQf61z6O/G6ugw3SgAnvvm+HA==}
    engines: {node: '>=14.17'}
    hasBin: true

  typescript@5.4.5:
    resolution: {integrity: sha512-vcI4UpRgg81oIRUFwR0WSIHKt11nJ7SAVlYNIu+QpqeyXP+gpQJy/Z4+F0aGxSE4MqwjyXvW/TzgkLAx2AGHwQ==}
    engines: {node: '>=14.17'}
    hasBin: true

  undici-types@5.26.5:
    resolution: {integrity: sha512-JlCMO+ehdEIKqlFxk6IfVoAUVmgz7cU7zD/h9XZ0qzeosSHmUJVOzSQvvYSYWXkFXC+IfLKSIffhv0sVZup6pA==}

  undici@5.22.1:
    resolution: {integrity: sha512-Ji2IJhFXZY0x/0tVBXeQwgPlLWw13GVzpsWPQ3rV50IFMMof2I55PZZxtm4P6iNq+L5znYN9nSTAq0ZyE6lSJw==}
    engines: {node: '>=14.0'}

  ws@8.17.0:
    resolution: {integrity: sha512-uJq6108EgZMAl20KagGkzCKfMEjxmKvZHG7Tlq0Z6nOky7YF7aq4mOx6xK8TJ/i1LeK4Qus7INktacctDgY8Ow==}
    engines: {node: '>=10.0.0'}
    peerDependencies:
      bufferutil: ^4.0.1
      utf-8-validate: '>=5.0.2'
    peerDependenciesMeta:
      bufferutil:
        optional: true
      utf-8-validate:
        optional: true

snapshots:

  '@discordjs/builders@1.6.5':
    dependencies:
      '@discordjs/formatters': 0.3.2
      '@discordjs/util': 1.0.1
      '@sapphire/shapeshift': 3.9.2
      discord-api-types: 0.37.50
      fast-deep-equal: 3.1.3
      ts-mixer: 6.0.3
      tslib: 2.6.3

  '@discordjs/collection@1.5.3': {}

  '@discordjs/formatters@0.3.2':
    dependencies:
      discord-api-types: 0.37.50

  '@discordjs/rest@2.0.1':
    dependencies:
      '@discordjs/collection': 1.5.3
      '@discordjs/util': 1.0.1
      '@sapphire/async-queue': 1.5.0
      '@sapphire/snowflake': 3.5.1
      '@vladfrangu/async_event_emitter': 2.2.2
      discord-api-types: 0.37.50
      magic-bytes.js: 1.0.15
      tslib: 2.6.3
      undici: 5.22.1

  '@discordjs/util@1.0.1': {}

  '@discordjs/ws@1.0.1':
    dependencies:
      '@discordjs/collection': 1.5.3
      '@discordjs/rest': 2.0.1
      '@discordjs/util': 1.0.1
      '@sapphire/async-queue': 1.5.0
      '@types/ws': 8.5.5
      '@vladfrangu/async_event_emitter': 2.2.2
      discord-api-types: 0.37.50
      tslib: 2.6.3
      ws: 8.17.0
    transitivePeerDependencies:
      - bufferutil
      - utf-8-validate

  '@effect/schema@0.67.21(effect@3.3.0)':
    dependencies:
      effect: 3.3.0
      fast-check: 3.19.0

  '@sapphire/async-queue@1.5.0': {}

  '@sapphire/shapeshift@3.9.2':
    dependencies:
      fast-deep-equal: 3.1.3
      lodash: 4.17.21

  '@sapphire/snowflake@3.5.1': {}

  '@types/node@20.14.2':
    dependencies:
      undici-types: 5.26.5

  '@types/node@20.3.3': {}

  '@types/ws@8.5.10':
    dependencies:
      '@types/node': 20.14.2

  '@types/ws@8.5.5':
    dependencies:
      '@types/node': 20.3.3

  '@vladfrangu/async_event_emitter@2.2.2': {}

  busboy@1.6.0:
    dependencies:
      streamsearch: 1.1.0

  discord-api-types@0.37.50: {}

  discord.js@14.13.0:
    dependencies:
      '@discordjs/builders': 1.6.5
      '@discordjs/collection': 1.5.3
      '@discordjs/formatters': 0.3.2
      '@discordjs/rest': 2.0.1
      '@discordjs/util': 1.0.1
      '@discordjs/ws': 1.0.1
      '@sapphire/snowflake': 3.5.1
      '@types/ws': 8.5.5
      discord-api-types: 0.37.50
      fast-deep-equal: 3.1.3
      lodash.snakecase: 4.1.1
      tslib: 2.6.3
      undici: 5.22.1
      ws: 8.17.0
    transitivePeerDependencies:
      - bufferutil
      - utf-8-validate

  effect@3.3.0: {}

  fast-check@3.19.0:
    dependencies:
      pure-rand: 6.1.0

  fast-deep-equal@3.1.3: {}

  lavalink-api-client@1.0.2(lavalink-protocol@1.1.1):
    dependencies:
      lavalink-protocol: 1.1.1
      tslib: 2.6.3

  lavalink-protocol@1.1.1:
    dependencies:
      '@effect/schema': 0.67.21(effect@3.3.0)
      effect: 3.3.0
      tslib: 2.6.3

  lavalink-ws-client@1.0.2(lavalink-api-client@1.0.2(lavalink-protocol@1.1.1))(lavalink-protocol@1.1.1):
    dependencies:
      lavalink-api-client: 1.0.2(lavalink-protocol@1.1.1)
      lavalink-protocol: 1.1.1
      tslib: 2.6.3
      typed-emitter: 2.1.0
      ws: 8.17.0
    transitivePeerDependencies:
      - bufferutil
      - utf-8-validate

  lodash.snakecase@4.1.1: {}

  lodash@4.17.21: {}

  magic-bytes.js@1.0.15: {}

  prettier@2.8.8: {}

  prettier@3.3.1: {}

  pure-rand@6.1.0: {}

  rxjs@7.8.1:
    dependencies:
      tslib: 2.6.3
    optional: true

  streamsearch@1.1.0: {}

  tiny-typed-emitter@2.1.0: {}

  ts-essentials@10.0.0(typescript@5.4.5):
    optionalDependencies:
      typescript: 5.4.5

  ts-essentials@9.3.2(typescript@5.1.6):
    dependencies:
      typescript: 5.1.6

  ts-mixer@6.0.3: {}

  tslib@2.6.0: {}

  tslib@2.6.3: {}

  turbo-darwin-64@2.0.3:
    optional: true

  turbo-darwin-arm64@2.0.3:
    optional: true

  turbo-linux-64@2.0.3:
    optional: true

  turbo-linux-arm64@2.0.3:
    optional: true

  turbo-windows-64@2.0.3:
    optional: true

  turbo-windows-arm64@2.0.3:
    optional: true

  turbo@2.0.3:
    optionalDependencies:
      turbo-darwin-64: 2.0.3
      turbo-darwin-arm64: 2.0.3
      turbo-linux-64: 2.0.3
      turbo-linux-arm64: 2.0.3
      turbo-windows-64: 2.0.3
      turbo-windows-arm64: 2.0.3

  typed-emitter@2.1.0:
    optionalDependencies:
      rxjs: 7.8.1

  typescript@5.1.6: {}

  typescript@5.4.5: {}

  undici-types@5.26.5: {}

  undici@5.22.1:
    dependencies:
      busboy: 1.6.0

  ws@8.17.0: {}
