lockfileVersion: '6.0'

importers:

  .:
    devDependencies:
      prettier:
        specifier: ^3.0.0
        version: 3.0.0

  packages/config/prettier:
    devDependencies:
      prettier:
        specifier: ^2.8.8
        version: 2.8.8

  packages/config/typescript:
    devDependencies:
      '@types/node':
        specifier: ^20.3.3
        version: 20.3.3
      typescript:
        specifier: ^5.1.6
        version: 5.1.6

  packages/node:
    dependencies:
      lavalink-protocol:
        specifier: workspace:1.0.0-rc.1
        version: link:../protocol
    devDependencies:
      '@lavaclient/config-prettier':
        specifier: workspace:^
        version: link:../config/prettier
      '@lavaclient/config-typescript':
        specifier: workspace:^
        version: link:../config/typescript
      '@types/node':
        specifier: ^20.3.3
        version: 20.3.3
      tslib:
        specifier: ^2.6.0
        version: 2.6.0
      typescript:
        specifier: ^5.1.6
        version: 5.1.6

  packages/protocol:
    dependencies:
      '@effect/data':
        specifier: ^0.12.10
        version: 0.12.10
      '@effect/schema':
        specifier: ^0.23.0
        version: 0.23.0
    devDependencies:
      '@lavaclient/config-prettier':
        specifier: workspace:^
        version: link:../config/prettier
      '@lavaclient/config-typescript':
        specifier: workspace:^
        version: link:../config/typescript
      '@types/node':
        specifier: ^20.3.3
        version: 20.3.3
      tslib:
        specifier: ^2.6.0
        version: 2.6.0
      typescript:
        specifier: ^5.1.6
        version: 5.1.6

packages:

  /@effect/data@0.12.10:
    resolution: {integrity: sha512-zIz/DgumH2LgGdr1Wc9ChET5JSG0k/G5kDc8rn4a6yIJ0v2d5rfnbRWIJO2fWmdFvc+128JyaBvYguIyz9JaAQ==}
    dev: false

  /@effect/io@0.29.5:
    resolution: {integrity: sha512-eFWlxp6SG94TlhT0fbW9PoEEQ5II3CSrO2WHbppOCQC/YgH6XCA+7zJ0xFtPPrr8EHsmLtkkCaecMJ0i0NKmHg==}
    dependencies:
      '@effect/data': 0.12.10
    dev: false

  /@effect/schema@0.23.0:
    resolution: {integrity: sha512-34mTncodXJq0WzBjUT5rEl1sOO3KOjzqkSRf39xEc01Bwk9BLrgS61Os8aMko6mvB41XAHQCFFBzyh5wKOtmAA==}
    dependencies:
      '@effect/data': 0.12.10
      '@effect/io': 0.29.5
      fast-check: 3.10.0
    dev: false

  /@types/node@20.3.3:
    resolution: {integrity: sha512-wheIYdr4NYML61AjC8MKj/2jrR/kDQri/CIpVoZwldwhnIrD/j9jIU5bJ8yBKuB2VhpFV7Ab6G2XkBjv9r9Zzw==}
    dev: true

  /fast-check@3.10.0:
    resolution: {integrity: sha512-I2FldZwnCbcY6iL+H0rp9m4D+O3PotuFu9FasWjMCzUedYHMP89/37JbSt6/n7Yq/IZmJDW0B2h30sPYdzrfzw==}
    engines: {node: '>=8.0.0'}
    dependencies:
      pure-rand: 6.0.2
    dev: false

  /prettier@2.8.8:
    resolution: {integrity: sha512-tdN8qQGvNjw4CHbY+XXk0JgCXn9QiF21a55rBe5LJAU+kDyC4WQn4+awm2Xfk2lQMk5fKup9XgzTZtGkjBdP9Q==}
    engines: {node: '>=10.13.0'}
    hasBin: true
    dev: true

  /prettier@3.0.0:
    resolution: {integrity: sha512-zBf5eHpwHOGPC47h0zrPyNn+eAEIdEzfywMoYn2XPi0P44Zp0tSq64rq0xAREh4auw2cJZHo9QUob+NqCQky4g==}
    engines: {node: '>=14'}
    hasBin: true
    dev: true

  /pure-rand@6.0.2:
    resolution: {integrity: sha512-6Yg0ekpKICSjPswYOuC5sku/TSWaRYlA0qsXqJgM/d/4pLPHPuTxK7Nbf7jFKzAeedUhR8C7K9Uv63FBsSo8xQ==}
    dev: false

  /tslib@2.6.0:
    resolution: {integrity: sha512-7At1WUettjcSRHXCyYtTselblcHl9PJFFVKiCAy/bY97+BPZXSQ2wbq0P9s8tK2G7dFQfNnlJnPAiArVBVBsfA==}
    dev: true

  /typescript@5.1.6:
    resolution: {integrity: sha512-zaWCozRZ6DLEWAWFrVDz1H6FVXzUSfTy5FUMWsQlU8Ym5JP9eO4xkTIROFCQvhQf61z6O/G6ugw3SgAnvvm+HA==}
    engines: {node: '>=14.17'}
    hasBin: true
    dev: true
